
Microsoft Visual Studio Solution File, Format Version 12.00
# Visual Studio Version 16
VisualStudioVersion = 16.0.30621.155
MinimumVisualStudioVersion = 10.0.40219.1
Project("{FAE04EC0-301F-11D3-BF4B-00C04F79EFBC}") = "BookListRazor2", "BookListRazor2\BookListRazor2.csproj", "{63BAF1E9-0544-4001-89C1-91E16C600FD5}"
EndProject
Global
	GlobalSection(SolutionConfigurationPlatforms) = preSolution
		Debug|Any CPU = Debug|Any CPU
		Release|Any CPU = Release|Any CPU
	EndGlobalSection
	GlobalSection(ProjectConfigurationPlatforms) = postSolution
		{63BAF1E9-0544-4001-89C1-91E16C600FD5}.Debug|Any CPU.ActiveCfg = Debug|Any CPU
		{63BAF1E9-0544-4001-89C1-91E16C600FD5}.Debug|Any CPU.Build.0 = Debug|Any CPU
		{63BAF1E9-0544-4001-89C1-91E16C600FD5}.Release|Any CPU.ActiveCfg = Release|Any CPU
		{63BAF1E9-0544-4001-89C1-91E16C600FD5}.Release|Any CPU.Build.0 = Release|Any CPU
	EndGlobalSection
	GlobalSection(SolutionProperties) = preSolution
		HideSolutionNode = FALSE
	EndGlobalSection
	GlobalSection(ExtensibilityGlobals) = postSolution
		SolutionGuid = {16670542-5811-4765-BCBC-133E47A12EB1}
	EndGlobalSection
EndGlobal
